
Microsoft Visual Studio Solution File, Format Version 12.00
# Visual Studio Version 16
VisualStudioVersion = 16.0.32228.343
MinimumVisualStudioVersion = 10.0.40219.1
Project("{9A19103F-16F7-4668-BE54-9A1E7A4F7556}") = "ConsoleAppBinary20", "ConsoleAppBinary20.csproj", "{36C588AE-2916-4231-B39A-159149E0BCA5}"
EndProject
Global
	GlobalSection(SolutionConfigurationPlatforms) = preSolution
		Debug|Any CPU = Debug|Any CPU
		Release|Any CPU = Release|Any CPU
	EndGlobalSection
	GlobalSection(ProjectConfigurationPlatforms) = postSolution
		{36C588AE-2916-4231-B39A-159149E0BCA5}.Debug|Any CPU.ActiveCfg = Debug|Any CPU
		{36C588AE-2916-4231-B39A-159149E0BCA5}.Debug|Any CPU.Build.0 = Debug|Any CPU
		{36C588AE-2916-4231-B39A-159149E0BCA5}.Release|Any CPU.ActiveCfg = Release|Any CPU
		{36C588AE-2916-4231-B39A-159149E0BCA5}.Release|Any CPU.Build.0 = Release|Any CPU
	EndGlobalSection
	GlobalSection(SolutionProperties) = preSolution
		HideSolutionNode = FALSE
	EndGlobalSection
	GlobalSection(ExtensibilityGlobals) = postSolution
		SolutionGuid = {00B55FDC-04AE-4182-8D0A-26493E1055FC}
	EndGlobalSection
EndGlobal
